PODS:
  - Nimble (9.2.1)
  - PromiseKit (6.17.0):
    - PromiseKit/CorePromise (= 6.17.0)
    - PromiseKit/Foundation (= 6.17.0)
    - PromiseKit/UIKit (= 6.17.0)
  - PromiseKit/CorePromise (6.17.0)
  - PromiseKit/Foundation (6.17.0):
    - PromiseKit/CorePromise
  - PromiseKit/UIKit (6.17.0):
    - PromiseKit/CorePromise

DEPENDENCIES:
  - Nimble
  - PromiseKit

SPEC REPOS:
  trunk:
    - Nimble
    - PromiseKit

SPEC CHECKSUMS:
  Nimble: e7e615c0335ee4bf5b0d786685451e62746117d5
  PromiseKit: 996202d4cae72b7801b312abef4cd2f995b2978a

PODFILE CHECKSUM: 3661eacee120ae85c877da36ccaabf8cb65d16ec

COCOAPODS: 1.11.2
